
Microsoft Visual Studio Solution File, Format Version 12.00
# Visual Studio 15
Project("{FAE04EC0-301F-11D3-BF4B-00C04F79EFBC}") = "Assembly-CSharp-Editor", "Assembly-CSharp-Editor.csproj", "{F7A81BE5-EB89-FAA5-9BD3-415161CD716F}"
EndProject
Project("{FAE04EC0-301F-11D3-BF4B-00C04F79EFBC}") = "Assembly-CSharp", "Assembly-CSharp.csproj", "{DD409DF4-6729-E459-4E8B-7C8C9E45C5DB}"
EndProject
Global
	GlobalSection(SolutionConfigurationPlatforms) = preSolution
		Debug|Any CPU = Debug|Any CPU
		Release|Any CPU = Release|Any CPU
	EndGlobalSection
	GlobalSection(ProjectConfigurationPlatforms) = postSolution
		{F7A81BE5-EB89-FAA5-9BD3-415161CD716F}.Debug|Any CPU.ActiveCfg = Debug|Any CPU
		{F7A81BE5-EB89-FAA5-9BD3-415161CD716F}.Debug|Any CPU.Build.0 = Debug|Any CPU
		{F7A81BE5-EB89-FAA5-9BD3-415161CD716F}.Release|Any CPU.ActiveCfg = Release|Any CPU
		{F7A81BE5-EB89-FAA5-9BD3-415161CD716F}.Release|Any CPU.Build.0 = Release|Any CPU
		{DD409DF4-6729-E459-4E8B-7C8C9E45C5DB}.Debug|Any CPU.ActiveCfg = Debug|Any CPU
		{DD409DF4-6729-E459-4E8B-7C8C9E45C5DB}.Debug|Any CPU.Build.0 = Debug|Any CPU
		{DD409DF4-6729-E459-4E8B-7C8C9E45C5DB}.Release|Any CPU.ActiveCfg = Release|Any CPU
		{DD409DF4-6729-E459-4E8B-7C8C9E45C5DB}.Release|Any CPU.Build.0 = Release|Any CPU
	EndGlobalSection
	GlobalSection(SolutionProperties) = preSolution
		HideSolutionNode = FALSE
	EndGlobalSection
EndGlobal
